lockfileVersion: '9.0'

settings:
  autoInstallPeers: true
  excludeLinksFromLockfile: false

importers:

  .:
    devDependencies:
      '@types/node':
        specifier: '22'
        version: 22.19.19
      typescript:
        specifier: 5.8.3
        version: 5.8.3

  packages/adapters:
    dependencies:
      '@bsv-poker/protocol-types':
        specifier: workspace:*
        version: link:../protocol-types

  packages/crypto-mentalpoker:
    dependencies:
      '@bsv-poker/adapters':
        specifier: workspace:*
        version: link:../adapters
      '@bsv-poker/protocol-types':
        specifier: workspace:*
        version: link:../protocol-types

  packages/engine:
    dependencies:
      '@bsv-poker/hand-eval':
        specifier: workspace:*
        version: link:../hand-eval
      '@bsv-poker/protocol-types':
        specifier: workspace:*
        version: link:../protocol-types

  packages/game-draw:
    dependencies:
      '@bsv-poker/engine':
        specifier: workspace:*
        version: link:../engine
      '@bsv-poker/hand-eval':
        specifier: workspace:*
        version: link:../hand-eval
      '@bsv-poker/protocol-types':
        specifier: workspace:*
        version: link:../protocol-types

  packages/game-holdem:
    dependencies:
      '@bsv-poker/engine':
        specifier: workspace:*
        version: link:../engine
      '@bsv-poker/hand-eval':
        specifier: workspace:*
        version: link:../hand-eval
      '@bsv-poker/protocol-types':
        specifier: workspace:*
        version: link:../protocol-types

  packages/game-omaha:
    dependencies:
      '@bsv-poker/engine':
        specifier: workspace:*
        version: link:../engine
      '@bsv-poker/hand-eval':
        specifier: workspace:*
        version: link:../hand-eval
      '@bsv-poker/protocol-types':
        specifier: workspace:*
        version: link:../protocol-types

  packages/game-razz:
    dependencies:
      '@bsv-poker/engine':
        specifier: workspace:*
        version: link:../engine
      '@bsv-poker/game-stud':
        specifier: workspace:*
        version: link:../game-stud
      '@bsv-poker/hand-eval':
        specifier: workspace:*
        version: link:../hand-eval
      '@bsv-poker/protocol-types':
        specifier: workspace:*
        version: link:../protocol-types

  packages/game-stud:
    dependencies:
      '@bsv-poker/engine':
        specifier: workspace:*
        version: link:../engine
      '@bsv-poker/hand-eval':
        specifier: workspace:*
        version: link:../hand-eval
      '@bsv-poker/protocol-types':
        specifier: workspace:*
        version: link:../protocol-types

  packages/hand-eval:
    dependencies:
      '@bsv-poker/protocol-types':
        specifier: workspace:*
        version: link:../protocol-types

  packages/protocol-types: {}

  packages/script-templates-ts:
    dependencies:
      '@bsv-poker/protocol-types':
        specifier: workspace:*
        version: link:../protocol-types

  packages/sdk:
    dependencies:
      '@bsv-poker/adapters':
        specifier: workspace:*
        version: link:../adapters
      '@bsv-poker/crypto-mentalpoker':
        specifier: workspace:*
        version: link:../crypto-mentalpoker
      '@bsv-poker/engine':
        specifier: workspace:*
        version: link:../engine
      '@bsv-poker/game-draw':
        specifier: workspace:*
        version: link:../game-draw
      '@bsv-poker/game-holdem':
        specifier: workspace:*
        version: link:../game-holdem
      '@bsv-poker/game-omaha':
        specifier: workspace:*
        version: link:../game-omaha
      '@bsv-poker/game-razz':
        specifier: workspace:*
        version: link:../game-razz
      '@bsv-poker/game-stud':
        specifier: workspace:*
        version: link:../game-stud
      '@bsv-poker/hand-eval':
        specifier: workspace:*
        version: link:../hand-eval
      '@bsv-poker/protocol-types':
        specifier: workspace:*
        version: link:../protocol-types
      '@bsv-poker/script-templates-ts':
        specifier: workspace:*
        version: link:../script-templates-ts
      '@bsv-poker/tx-builder':
        specifier: workspace:*
        version: link:../tx-builder
      '@bsv-poker/wallet-custody':
        specifier: workspace:*
        version: link:../wallet-custody

  packages/tx-builder:
    dependencies:
      '@bsv-poker/protocol-types':
        specifier: workspace:*
        version: link:../protocol-types
      '@bsv-poker/script-templates-ts':
        specifier: workspace:*
        version: link:../script-templates-ts

  packages/wallet-custody:
    dependencies:
      '@bsv-poker/protocol-types':
        specifier: workspace:*
        version: link:../protocol-types
      '@bsv-poker/script-templates-ts':
        specifier: workspace:*
        version: link:../script-templates-ts

  tools:
    dependencies:
      '@bsv-poker/engine':
        specifier: workspace:*
        version: link:../packages/engine
      '@bsv-poker/game-holdem':
        specifier: workspace:*
        version: link:../packages/game-holdem
      '@bsv-poker/hand-eval':
        specifier: workspace:*
        version: link:../packages/hand-eval
      '@bsv-poker/protocol-types':
        specifier: workspace:*
        version: link:../packages/protocol-types
      '@bsv-poker/script-templates-ts':
        specifier: workspace:*
        version: link:../packages/script-templates-ts

packages:

  '@types/node@22.19.19':
    resolution: {integrity: sha512-dyh/xO2Fh5bYrfWaaqGrRQQGkNdmYw6AmaAUvYeUMNTWQtvb796ikLdmTchRmOlOiIJ1TDXfWgVx1QkUlQ6Hew==}

  typescript@5.8.3:
    resolution: {integrity: sha512-p1diW6TqL9L07nNxvRMM7hMMw4c5XOo/1ibL4aAIGmSAt9slTE1Xgw5KWuof2uTOvCg9BY7ZRi+GaF+7sfgPeQ==}
    engines: {node: '>=14.17'}
    hasBin: true

  undici-types@6.21.0:
    resolution: {integrity: sha512-iwDZqg0QAGrg9Rav5H4n0M64c3mkR59cJ6wQp+7C4nI0gsmExaedaYLNO44eT4AtBBwjbTiGPMlt2Md0T9H9JQ==}

snapshots:

  '@types/node@22.19.19':
    dependencies:
      undici-types: 6.21.0

  typescript@5.8.3: {}

  undici-types@6.21.0: {}
